// !$*UTF8*$!
{
	archiveVersion = 1;
	classes = {
	};
	objectVersion = 56;
	objects = {

/* Begin PBXBuildFile section */
		1F5582A928D9C72000975701 /* AppDelegate.swift in Sources */ = {isa = PBXBuildFile; fileRef = 1F5582A828D9C72000975701 /* AppDelegate.swift */; };
		1F5582AB28D9C72000975701 /* SceneDelegate.swift in Sources */ = {isa = PBXBuildFile; fileRef = 1F5582AA28D9C72000975701 /* SceneDelegate.swift */; };
		1F5582AD28D9C72000975701 /* MenuViewController.swift in Sources */ = {isa = PBXBuildFile; fileRef = 1F5582AC28D9C72000975701 /* MenuViewController.swift */; };
		1F5582B228D9C72100975701 /* Assets.xcassets in Resources */ = {isa = PBXBuildFile; fileRef = 1F5582B128D9C72100975701 /* Assets.xcassets */; };
		1F5582B528D9C72100975701 /* LaunchScreen.storyboard in Resources */ = {isa = PBXBuildFile; fileRef = 1F5582B328D9C72100975701 /* LaunchScreen.storyboard */; };
		1F5582BE28D9C75F00975701 /* Coordinator.swift in Sources */ = {isa = PBXBuildFile; fileRef = 1F5582BD28D9C75F00975701 /* Coordinator.swift */; };
		1F5582C128D9C78800975701 /* SplitViewController.swift in Sources */ = {isa = PBXBuildFile; fileRef = 1F5582C028D9C78800975701 /* SplitViewController.swift */; };
		1F5582C428D9C87E00975701 /* SplitCoordinator.swift in Sources */ = {isa = PBXBuildFile; fileRef = 1F5582C328D9C87E00975701 /* SplitCoordinator.swift */; };
		1F5582C928D9CA7300975701 /* DetailViewController.swift in Sources */ = {isa = PBXBuildFile; fileRef = 1F5582C828D9CA7300975701 /* DetailViewController.swift */; };
		1F5582CD28D9CB0000975701 /* Author.swift in Sources */ = {isa = PBXBuildFile; fileRef = 1F5582CC28D9CB0000975701 /* Author.swift */; };
		1F5582CF28D9CB5500975701 /* SplitComposer.swift in Sources */ = {isa = PBXBuildFile; fileRef = 1F5582CE28D9CB5500975701 /* SplitComposer.swift */; };
		1F5582D228D9CBAB00975701 /* HTTPManager.swift in Sources */ = {isa = PBXBuildFile; fileRef = 1F5582D128D9CBAB00975701 /* HTTPManager.swift */; };
		1F5582D528D9CC8600975701 /* AuthorCommitDataMock.swift in Sources */ = {isa = PBXBuildFile; fileRef = 1F5582D428D9CC8600975701 /* AuthorCommitDataMock.swift */; };
		1F5582D728D9CDB500975701 /* ChangesetEntriesMock.swift in Sources */ = {isa = PBXBuildFile; fileRef = 1F5582D628D9CDB500975701 /* ChangesetEntriesMock.swift */; };
		1F5582DB28D9CDF200975701 /* MockData.swift in Sources */ = {isa = PBXBuildFile; fileRef = 1F5582DA28D9CDF200975701 /* MockData.swift */; };
		1F5582DD28D9D44B00975701 /* DetailViewModel.swift in Sources */ = {isa = PBXBuildFile; fileRef = 1F5582DC28D9D44B00975701 /* DetailViewModel.swift */; };
		1F5582DF28D9D45300975701 /* MenuViewModel.swift in Sources */ = {isa = PBXBuildFile; fileRef = 1F5582DE28D9D45300975701 /* MenuViewModel.swift */; };
		1F5582E128D9DA2500975701 /* MenuTableViewCell.swift in Sources */ = {isa = PBXBuildFile; fileRef = 1F5582E028D9DA2500975701 /* MenuTableViewCell.swift */; };
		1F5582E428D9E1B200975701 /* DecodeHelper.swift in Sources */ = {isa = PBXBuildFile; fileRef = 1F5582E328D9E1B200975701 /* DecodeHelper.swift */; };
		1F5582E628D9E72D00975701 /* DetailViewHeader.swift in Sources */ = {isa = PBXBuildFile; fileRef = 1F5582E528D9E72D00975701 /* DetailViewHeader.swift */; };
		1F5582E928D9F98600975701 /* DataMapper.swift in Sources */ = {isa = PBXBuildFile; fileRef = 1F5582E828D9F98600975701 /* DataMapper.swift */; };
		1F5582ED28D9FD0F00975701 /* DetailTableViewHeader.swift in Sources */ = {isa = PBXBuildFile; fileRef = 1F5582EC28D9FD0F00975701 /* DetailTableViewHeader.swift */; };
		1F5582EF28D9FD1D00975701 /* DetailTableViewCell.swift in Sources */ = {isa = PBXBuildFile; fileRef = 1F5582EE28D9FD1D00975701 /* DetailTableViewCell.swift */; };
/* End PBXBuildFile section */

/* Begin PBXFileReference section */
		1F5582A528D9C72000975701 /* SaasDemoApp.app */ = {isa = PBXFileReference; explicitFileType = wrapper.application; includeInIndex = 0; path = SaasDemoApp.app; sourceTree = BUILT_PRODUCTS_DIR; };
		1F5582A828D9C72000975701 /* AppDelegate.swift */ = {isa = PBXFileReference; lastKnownFileType = sourcecode.swift; path = AppDelegate.swift; sourceTree = "<group>"; };
		1F5582AA28D9C72000975701 /* SceneDelegate.swift */ = {isa = PBXFileReference; lastKnownFileType = sourcecode.swift; path = SceneDelegate.swift; sourceTree = "<group>"; };
		1F5582AC28D9C72000975701 /* MenuViewController.swift */ = {isa = PBXFileReference; lastKnownFileType = sourcecode.swift; path = MenuViewController.swift; sourceTree = "<group>"; };
		1F5582B128D9C72100975701 /* Assets.xcassets */ = {isa = PBXFileReference; lastKnownFileType = folder.assetcatalog; path = Assets.xcassets; sourceTree = "<group>"; };
		1F5582B428D9C72100975701 /* Base */ = {isa = PBXFileReference; lastKnownFileType = file.storyboard; name = Base; path = Base.lproj/LaunchScreen.storyboard; sourceTree = "<group>"; };
		1F5582B628D9C72100975701 /* Info.plist */ = {isa = PBXFileReference; lastKnownFileType = text.plist.xml; path = Info.plist; sourceTree = "<group>"; };
		1F5582BD28D9C75F00975701 /* Coordinator.swift */ = {isa = PBXFileReference; lastKnownFileType = sourcecode.swift; path = Coordinator.swift; sourceTree = "<group>"; };
		1F5582C028D9C78800975701 /* SplitViewController.swift */ = {isa = PBXFileReference; lastKnownFileType = sourcecode.swift; path = SplitViewController.swift; sourceTree = "<group>"; };
		1F5582C328D9C87E00975701 /* SplitCoordinator.swift */ = {isa = PBXFileReference; lastKnownFileType = sourcecode.swift; path = SplitCoordinator.swift; sourceTree = "<group>"; };
		1F5582C828D9CA7300975701 /* DetailViewController.swift */ = {isa = PBXFileReference; lastKnownFileType = sourcecode.swift; path = DetailViewController.swift; sourceTree = "<group>"; };
		1F5582CC28D9CB0000975701 /* Author.swift */ = {isa = PBXFileReference; lastKnownFileType = sourcecode.swift; path = Author.swift; sourceTree = "<group>"; };
		1F5582CE28D9CB5500975701 /* SplitComposer.swift */ = {isa = PBXFileReference; lastKnownFileType = sourcecode.swift; path = SplitComposer.swift; sourceTree = "<group>"; };
		1F5582D128D9CBAB00975701 /* HTTPManager.swift */ = {isa = PBXFileReference; lastKnownFileType = sourcecode.swift; path = HTTPManager.swift; sourceTree = "<group>"; };
		1F5582D428D9CC8600975701 /* AuthorCommitDataMock.swift */ = {isa = PBXFileReference; lastKnownFileType = sourcecode.swift; path = AuthorCommitDataMock.swift; sourceTree = "<group>"; };
		1F5582D628D9CDB500975701 /* ChangesetEntriesMock.swift */ = {isa = PBXFileReference; lastKnownFileType = sourcecode.swift; path = ChangesetEntriesMock.swift; sourceTree = "<group>"; };
		1F5582DA28D9CDF200975701 /* MockData.swift */ = {isa = PBXFileReference; lastKnownFileType = sourcecode.swift; path = MockData.swift; sourceTree = "<group>"; };
		1F5582DC28D9D44B00975701 /* DetailViewModel.swift */ = {isa = PBXFileReference; lastKnownFileType = sourcecode.swift; path = DetailViewModel.swift; sourceTree = "<group>"; };
		1F5582DE28D9D45300975701 /* MenuViewModel.swift */ = {isa = PBXFileReference; lastKnownFileType = sourcecode.swift; path = MenuViewModel.swift; sourceTree = "<group>"; };
		1F5582E028D9DA2500975701 /* MenuTableViewCell.swift */ = {isa = PBXFileReference; lastKnownFileType = sourcecode.swift; path = MenuTableViewCell.swift; sourceTree = "<group>"; };
		1F5582E328D9E1B200975701 /* DecodeHelper.swift */ = {isa = PBXFileReference; lastKnownFileType = sourcecode.swift; path = DecodeHelper.swift; sourceTree = "<group>"; };
		1F5582E528D9E72D00975701 /* DetailViewHeader.swift */ = {isa = PBXFileReference; lastKnownFileType = sourcecode.swift; path = DetailViewHeader.swift; sourceTree = "<group>"; };
		1F5582E828D9F98600975701 /* DataMapper.swift */ = {isa = PBXFileReference; lastKnownFileType = sourcecode.swift; path = DataMapper.swift; sourceTree = "<group>"; };
		1F5582EC28D9FD0F00975701 /* DetailTableViewHeader.swift */ = {isa = PBXFileReference; lastKnownFileType = sourcecode.swift; path = DetailTableViewHeader.swift; sourceTree = "<group>"; };
		1F5582EE28D9FD1D00975701 /* DetailTableViewCell.swift */ = {isa = PBXFileReference; lastKnownFileType = sourcecode.swift; path = DetailTableViewCell.swift; sourceTree = "<group>"; };
/* End PBXFileReference section */

/* Begin PBXFrameworksBuildPhase section */
		1F5582A228D9C72000975701 /* Frameworks */ = {
			isa = PBXFrameworksBuildPhase;
			buildActionMask = 2147483647;
			files = (
			);
			runOnlyForDeploymentPostprocessing = 0;
		};
/* End PBXFrameworksBuildPhase section */

/* Begin PBXGroup section */
		1F55829C28D9C72000975701 = {
			isa = PBXGroup;
			children = (
				1F5582A728D9C72000975701 /* SaasDemoApp */,
				1F5582A628D9C72000975701 /* Products */,
			);
			sourceTree = "<group>";
		};
		1F5582A628D9C72000975701 /* Products */ = {
			isa = PBXGroup;
			children = (
				1F5582A528D9C72000975701 /* SaasDemoApp.app */,
			);
			name = Products;
			sourceTree = "<group>";
		};
		1F5582A728D9C72000975701 /* SaasDemoApp */ = {
			isa = PBXGroup;
			children = (
				1F5582A828D9C72000975701 /* AppDelegate.swift */,
				1F5582AA28D9C72000975701 /* SceneDelegate.swift */,
				1F5582E728D9F97800975701 /* Mapper */,
				1F5582E228D9E19400975701 /* Decoder */,
				1F5582D328D9CC7500975701 /* Mocks */,
				1F5582D028D9CB8600975701 /* Dependencies */,
				1F5582CA28D9CAE200975701 /* Model */,
				1F5582C228D9C7AC00975701 /* Composer */,
				1F5582BF28D9C77200975701 /* Core */,
				1F5582BC28D9C74000975701 /* Coordinator */,
				1F5582B128D9C72100975701 /* Assets.xcassets */,
				1F5582B328D9C72100975701 /* LaunchScreen.storyboard */,
				1F5582B628D9C72100975701 /* Info.plist */,
			);
			path = SaasDemoApp;
			sourceTree = "<group>";
		};
		1F5582BC28D9C74000975701 /* Coordinator */ = {
			isa = PBXGroup;
			children = (
				1F5582BD28D9C75F00975701 /* Coordinator.swift */,
			);
			path = Coordinator;
			sourceTree = "<group>";
		};
		1F5582BF28D9C77200975701 /* Core */ = {
			isa = PBXGroup;
			children = (
				1F5582C728D9CA6B00975701 /* Detail */,
				1F5582C628D9CA6500975701 /* Menu */,
				1F5582C528D9CA5D00975701 /* Split */,
			);
			path = Core;
			sourceTree = "<group>";
		};
		1F5582C228D9C7AC00975701 /* Composer */ = {
			isa = PBXGroup;
			children = (
				1F5582CE28D9CB5500975701 /* SplitComposer.swift */,
			);
			path = Composer;
			sourceTree = "<group>";
		};
		1F5582C528D9CA5D00975701 /* Split */ = {
			isa = PBXGroup;
			children = (
				1F5582C328D9C87E00975701 /* SplitCoordinator.swift */,
				1F5582C028D9C78800975701 /* SplitViewController.swift */,
			);
			path = Split;
			sourceTree = "<group>";
		};
		1F5582C628D9CA6500975701 /* Menu */ = {
			isa = PBXGroup;
			children = (
				1F5582EB28D9FD0000975701 /* Cell */,
				1F5582AC28D9C72000975701 /* MenuViewController.swift */,
				1F5582DE28D9D45300975701 /* MenuViewModel.swift */,
			);
			path = Menu;
			sourceTree = "<group>";
		};
		1F5582C728D9CA6B00975701 /* Detail */ = {
			isa = PBXGroup;
			children = (
				1F5582EA28D9FCFB00975701 /* Cell */,
				1F5582C828D9CA7300975701 /* DetailViewController.swift */,
				1F5582DC28D9D44B00975701 /* DetailViewModel.swift */,
				1F5582E528D9E72D00975701 /* DetailViewHeader.swift */,
			);
			path = Detail;
			sourceTree = "<group>";
		};
		1F5582CA28D9CAE200975701 /* Model */ = {
			isa = PBXGroup;
			children = (
				1F5582CC28D9CB0000975701 /* Author.swift */,
			);
			path = Model;
			sourceTree = "<group>";
		};
		1F5582D028D9CB8600975701 /* Dependencies */ = {
			isa = PBXGroup;
			children = (
				1F5582D128D9CBAB00975701 /* HTTPManager.swift */,
			);
			path = Dependencies;
			sourceTree = "<group>";
		};
		1F5582D328D9CC7500975701 /* Mocks */ = {
			isa = PBXGroup;
			children = (
				1F5582DA28D9CDF200975701 /* MockData.swift */,
				1F5582D428D9CC8600975701 /* AuthorCommitDataMock.swift */,
				1F5582D628D9CDB500975701 /* ChangesetEntriesMock.swift */,
			);
			path = Mocks;
			sourceTree = "<group>";
		};
		1F5582E228D9E19400975701 /* Decoder */ = {
			isa = PBXGroup;
			children = (
				1F5582E328D9E1B200975701 /* DecodeHelper.swift */,
			);
			path = Decoder;
			sourceTree = "<group>";
		};
		1F5582E728D9F97800975701 /* Mapper */ = {
			isa = PBXGroup;
			children = (
				1F5582E828D9F98600975701 /* DataMapper.swift */,
			);
			path = Mapper;
			sourceTree = "<group>";
		};
		1F5582EA28D9FCFB00975701 /* Cell */ = {
			isa = PBXGroup;
			children = (
				1F5582EC28D9FD0F00975701 /* DetailTableViewHeader.swift */,
				1F5582EE28D9FD1D00975701 /* DetailTableViewCell.swift */,
			);
			path = Cell;
			sourceTree = "<group>";
		};
		1F5582EB28D9FD0000975701 /* Cell */ = {
			isa = PBXGroup;
			children = (
				1F5582E028D9DA2500975701 /* MenuTableViewCell.swift */,
			);
			path = Cell;
			sourceTree = "<group>";
		};
/* End PBXGroup section */

/* Begin PBXNativeTarget section */
		1F5582A428D9C72000975701 /* SaasDemoApp */ = {
			isa = PBXNativeTarget;
			buildConfigurationList = 1F5582B928D9C72100975701 /* Build configuration list for PBXNativeTarget "SaasDemoApp" */;
			buildPhases = (
				1F5582A128D9C72000975701 /* Sources */,
				1F5582A228D9C72000975701 /* Frameworks */,
				1F5582A328D9C72000975701 /* Resources */,
			);
			buildRules = (
			);
			dependencies = (
			);
			name = SaasDemoApp;
			productName = SaasDemoApp;
			productReference = 1F5582A528D9C72000975701 /* SaasDemoApp.app */;
			productType = "com.apple.product-type.application";
		};
/* End PBXNativeTarget section */

/* Begin PBXProject section */
		1F55829D28D9C72000975701 /* Project object */ = {
			isa = PBXProject;
			attributes = {
				BuildIndependentTargetsInParallel = 1;
				LastSwiftUpdateCheck = 1400;
				LastUpgradeCheck = 1400;
				TargetAttributes = {
					1F5582A428D9C72000975701 = {
						CreatedOnToolsVersion = 14.0;
					};
				};
			};
			buildConfigurationList = 1F5582A028D9C72000975701 /* Build configuration list for PBXProject "SaasDemoApp" */;
			compatibilityVersion = "Xcode 14.0";
			developmentRegion = en;
			hasScannedForEncodings = 0;
			knownRegions = (
				en,
				Base,
			);
			mainGroup = 1F55829C28D9C72000975701;
			productRefGroup = 1F5582A628D9C72000975701 /* Products */;
			projectDirPath = "";
			projectRoot = "";
			targets = (
				1F5582A428D9C72000975701 /* SaasDemoApp */,
			);
		};
/* End PBXProject section */

/* Begin PBXResourcesBuildPhase section */
		1F5582A328D9C72000975701 /* Resources */ = {
			isa = PBXResourcesBuildPhase;
			buildActionMask = 2147483647;
			files = (
				1F5582B528D9C72100975701 /* LaunchScreen.storyboard in Resources */,
				1F5582B228D9C72100975701 /* Assets.xcassets in Resources */,
			);
			runOnlyForDeploymentPostprocessing = 0;
		};
/* End PBXResourcesBuildPhase section */

/* Begin PBXSourcesBuildPhase section */
		1F5582A128D9C72000975701 /* Sources */ = {
			isa = PBXSourcesBuildPhase;
			buildActionMask = 2147483647;
			files = (
				1F5582CF28D9CB5500975701 /* SplitComposer.swift in Sources */,
				1F5582D528D9CC8600975701 /* AuthorCommitDataMock.swift in Sources */,
				1F5582E628D9E72D00975701 /* DetailViewHeader.swift in Sources */,
				1F5582E928D9F98600975701 /* DataMapper.swift in Sources */,
				1F5582C128D9C78800975701 /* SplitViewController.swift in Sources */,
				1F5582C428D9C87E00975701 /* SplitCoordinator.swift in Sources */,
				1F5582E128D9DA2500975701 /* MenuTableViewCell.swift in Sources */,
				1F5582DB28D9CDF200975701 /* MockData.swift in Sources */,
				1F5582CD28D9CB0000975701 /* Author.swift in Sources */,
				1F5582EF28D9FD1D00975701 /* DetailTableViewCell.swift in Sources */,
				1F5582BE28D9C75F00975701 /* Coordinator.swift in Sources */,
				1F5582AD28D9C72000975701 /* MenuViewController.swift in Sources */,
				1F5582A928D9C72000975701 /* AppDelegate.swift in Sources */,
				1F5582E428D9E1B200975701 /* DecodeHelper.swift in Sources */,
				1F5582D228D9CBAB00975701 /* HTTPManager.swift in Sources */,
				1F5582AB28D9C72000975701 /* SceneDelegate.swift in Sources */,
				1F5582C928D9CA7300975701 /* DetailViewController.swift in Sources */,
				1F5582DD28D9D44B00975701 /* DetailViewModel.swift in Sources */,
				1F5582ED28D9FD0F00975701 /* DetailTableViewHeader.swift in Sources */,
				1F5582D728D9CDB500975701 /* ChangesetEntriesMock.swift in Sources */,
				1F5582DF28D9D45300975701 /* MenuViewModel.swift in Sources */,
			);
			runOnlyForDeploymentPostprocessing = 0;
		};
/* End PBXSourcesBuildPhase section */

/* Begin PBXVariantGroup section */
		1F5582B328D9C72100975701 /* LaunchScreen.storyboard */ = {
			isa = PBXVariantGroup;
			children = (
				1F5582B428D9C72100975701 /* Base */,
			);
			name = LaunchScreen.storyboard;
			sourceTree = "<group>";
		};
/* End PBXVariantGroup section */

/* Begin XCBuildConfiguration section */
		1F5582B728D9C72100975701 /* Debug */ = {
			isa = XCBuildConfiguration;
			buildSettings = {
				ALWAYS_SEARCH_USER_PATHS = NO;
				CLANG_ANALYZER_NONNULL = YES;
				CLANG_ANALYZER_NUMBER_OBJECT_CONVERSION = YES_AGGRESSIVE;
				CLANG_CXX_LANGUAGE_STANDARD = "gnu++20";
				CLANG_ENABLE_MODULES = YES;
				CLANG_ENABLE_OBJC_ARC = YES;
				CLANG_ENABLE_OBJC_WEAK = YES;
				CLANG_WARN_BLOCK_CAPTURE_AUTORELEASING = YES;
				CLANG_WARN_BOOL_CONVERSION = YES;
				CLANG_WARN_COMMA = YES;
				CLANG_WARN_CONSTANT_CONVERSION = YES;
				CLANG_WARN_DEPRECATED_OBJC_IMPLEMENTATIONS = YES;
				CLANG_WARN_DIRECT_OBJC_ISA_USAGE = YES_ERROR;
				CLANG_WARN_DOCUMENTATION_COMMENTS = YES;
				CLANG_WARN_EMPTY_BODY = YES;
				CLANG_WARN_ENUM_CONVERSION = YES;
				CLANG_WARN_INFINITE_RECURSION = YES;
				CLANG_WARN_INT_CONVERSION = YES;
				CLANG_WARN_NON_LITERAL_NULL_CONVERSION = YES;
				CLANG_WARN_OBJC_IMPLICIT_RETAIN_SELF = YES;
				CLANG_WARN_OBJC_LITERAL_CONVERSION = YES;
				CLANG_WARN_OBJC_ROOT_CLASS = YES_ERROR;
				CLANG_WARN_QUOTED_INCLUDE_IN_FRAMEWORK_HEADER = YES;
				CLANG_WARN_RANGE_LOOP_ANALYSIS = YES;
				CLANG_WARN_STRICT_PROTOTYPES = YES;
				CLANG_WARN_SUSPICIOUS_MOVE = YES;
				CLANG_WARN_UNGUARDED_AVAILABILITY = YES_AGGRESSIVE;
				CLANG_WARN_UNREACHABLE_CODE = YES;
				CLANG_WARN__DUPLICATE_METHOD_MATCH = YES;
				COPY_PHASE_STRIP = NO;
				DEBUG_INFORMATION_FORMAT = dwarf;
				ENABLE_STRICT_OBJC_MSGSEND = YES;
				ENABLE_TESTABILITY = YES;
				GCC_C_LANGUAGE_STANDARD = gnu11;
				GCC_DYNAMIC_NO_PIC = NO;
				GCC_NO_COMMON_BLOCKS = YES;
				GCC_OPTIMIZATION_LEVEL = 0;
				GCC_PREPROCESSOR_DEFINITIONS = (
					"DEBUG=1",
					"$(inherited)",
				);
				GCC_WARN_64_TO_32_BIT_CONVERSION = YES;
				GCC_WARN_ABOUT_RETURN_TYPE = YES_ERROR;
				GCC_WARN_UNDECLARED_SELECTOR = YES;
				GCC_WARN_UNINITIALIZED_AUTOS = YES_AGGRESSIVE;
				GCC_WARN_UNUSED_FUNCTION = YES;
				GCC_WARN_UNUSED_VARIABLE = YES;
				IPHONEOS_DEPLOYMENT_TARGET = 16.0;
				MTL_ENABLE_DEBUG_INFO = INCLUDE_SOURCE;
				MTL_FAST_MATH = YES;
				ONLY_ACTIVE_ARCH = YES;
				SDKROOT = iphoneos;
				SWIFT_ACTIVE_COMPILATION_CONDITIONS = DEBUG;
				SWIFT_OPTIMIZATION_LEVEL = "-Onone";
			};
			name = Debug;
		};
		1F5582B828D9C72100975701 /* Release */ = {
			isa = XCBuildConfiguration;
			buildSettings = {
				ALWAYS_SEARCH_USER_PATHS = NO;
				CLANG_ANALYZER_NONNULL = YES;
				CLANG_ANALYZER_NUMBER_OBJECT_CONVERSION = YES_AGGRESSIVE;
				CLANG_CXX_LANGUAGE_STANDARD = "gnu++20";
				CLANG_ENABLE_MODULES = YES;
				CLANG_ENABLE_OBJC_ARC = YES;
				CLANG_ENABLE_OBJC_WEAK = YES;
				CLANG_WARN_BLOCK_CAPTURE_AUTORELEASING = YES;
				CLANG_WARN_BOOL_CONVERSION = YES;
				CLANG_WARN_COMMA = YES;
				CLANG_WARN_CONSTANT_CONVERSION = YES;
				CLANG_WARN_DEPRECATED_OBJC_IMPLEMENTATIONS = YES;
				CLANG_WARN_DIRECT_OBJC_ISA_USAGE = YES_ERROR;
				CLANG_WARN_DOCUMENTATION_COMMENTS = YES;
				CLANG_WARN_EMPTY_BODY = YES;
				CLANG_WARN_ENUM_CONVERSION = YES;
				CLANG_WARN_INFINITE_RECURSION = YES;
				CLANG_WARN_INT_CONVERSION = YES;
				CLANG_WARN_NON_LITERAL_NULL_CONVERSION = YES;
				CLANG_WARN_OBJC_IMPLICIT_RETAIN_SELF = YES;
				CLANG_WARN_OBJC_LITERAL_CONVERSION = YES;
				CLANG_WARN_OBJC_ROOT_CLASS = YES_ERROR;
				CLANG_WARN_QUOTED_INCLUDE_IN_FRAMEWORK_HEADER = YES;
				CLANG_WARN_RANGE_LOOP_ANALYSIS = YES;
				CLANG_WARN_STRICT_PROTOTYPES = YES;
				CLANG_WARN_SUSPICIOUS_MOVE = YES;
				CLANG_WARN_UNGUARDED_AVAILABILITY = YES_AGGRESSIVE;
				CLANG_WARN_UNREACHABLE_CODE = YES;
				CLANG_WARN__DUPLICATE_METHOD_MATCH = YES;
				COPY_PHASE_STRIP = NO;
				DEBUG_INFORMATION_FORMAT = "dwarf-with-dsym";
				ENABLE_NS_ASSERTIONS = NO;
				ENABLE_STRICT_OBJC_MSGSEND = YES;
				GCC_C_LANGUAGE_STANDARD = gnu11;
				GCC_NO_COMMON_BLOCKS = YES;
				GCC_WARN_64_TO_32_BIT_CONVERSION = YES;
				GCC_WARN_ABOUT_RETURN_TYPE = YES_ERROR;
				GCC_WARN_UNDECLARED_SELECTOR = YES;
				GCC_WARN_UNINITIALIZED_AUTOS = YES_AGGRESSIVE;
				GCC_WARN_UNUSED_FUNCTION = YES;
				GCC_WARN_UNUSED_VARIABLE = YES;
				IPHONEOS_DEPLOYMENT_TARGET = 16.0;
				MTL_ENABLE_DEBUG_INFO = NO;
				MTL_FAST_MATH = YES;
				SDKROOT = iphoneos;
				SWIFT_COMPILATION_MODE = wholemodule;
				SWIFT_OPTIMIZATION_LEVEL = "-O";
				VALIDATE_PRODUCT = YES;
			};
			name = Release;
		};
		1F5582BA28D9C72100975701 /* Debug */ = {
			isa = XCBuildConfiguration;
			buildSettings = {
				ASSETCATALOG_COMPILER_APPICON_NAME = AppIcon;
				ASSETCATALOG_COMPILER_GLOBAL_ACCENT_COLOR_NAME = AccentColor;
				CODE_SIGN_STYLE = Automatic;
				CURRENT_PROJECT_VERSION = 1;
				DEVELOPMENT_TEAM = S357Q5BVQT;
				GENERATE_INFOPLIST_FILE = YES;
				INFOPLIST_FILE = SaasDemoApp/Info.plist;
				INFOPLIST_KEY_UIApplicationSupportsIndirectInputEvents = YES;
				INFOPLIST_KEY_UILaunchStoryboardName = LaunchScreen;
				INFOPLIST_KEY_UISupportedInterfaceOrientations = "UIInterfaceOrientationLandscapeLeft UIInterfaceOrientationLandscapeRight UIInterfaceOrientationPortrait";
				INFOPLIST_KEY_UISupportedInterfaceOrientations_iPad = "UIInterfaceOrientationLandscapeLeft UIInterfaceOrientationLandscapeRight";
				LD_RUNPATH_SEARCH_PATHS = (
					"$(inherited)",
					"@executable_path/Frameworks",
				);
				MARKETING_VERSION = 1.0;
				PRODUCT_BUNDLE_IDENTIFIER = saasdemo.SaasDemoApp;
				PRODUCT_NAME = "$(TARGET_NAME)";
				SWIFT_EMIT_LOC_STRINGS = YES;
				SWIFT_VERSION = 5.0;
				TARGETED_DEVICE_FAMILY = "1,2";
			};
			name = Debug;
		};
		1F5582BB28D9C72100975701 /* Release */ = {
			isa = XCBuildConfiguration;
			buildSettings = {
				ASSETCATALOG_COMPILER_APPICON_NAME = AppIcon;
				ASSETCATALOG_COMPILER_GLOBAL_ACCENT_COLOR_NAME = AccentColor;
				CODE_SIGN_STYLE = Automatic;
				CURRENT_PROJECT_VERSION = 1;
				DEVELOPMENT_TEAM = S357Q5BVQT;
				GENERATE_INFOPLIST_FILE = YES;
				INFOPLIST_FILE = SaasDemoApp/Info.plist;
				INFOPLIST_KEY_UIApplicationSupportsIndirectInputEvents = YES;
				INFOPLIST_KEY_UILaunchStoryboardName = LaunchScreen;
				INFOPLIST_KEY_UISupportedInterfaceOrientations = "UIInterfaceOrientationLandscapeLeft UIInterfaceOrientationLandscapeRight UIInterfaceOrientationPortrait";
				INFOPLIST_KEY_UISupportedInterfaceOrientations_iPad = "UIInterfaceOrientationLandscapeLeft UIInterfaceOrientationLandscapeRight";
				LD_RUNPATH_SEARCH_PATHS = (
					"$(inherited)",
					"@executable_path/Frameworks",
				);
				MARKETING_VERSION = 1.0;
				PRODUCT_BUNDLE_IDENTIFIER = saasdemo.SaasDemoApp;
				PRODUCT_NAME = "$(TARGET_NAME)";
				SWIFT_EMIT_LOC_STRINGS = YES;
				SWIFT_VERSION = 5.0;
				TARGETED_DEVICE_FAMILY = "1,2";
			};
			name = Release;
		};
/* End XCBuildConfiguration section */

/* Begin XCConfigurationList section */
		1F5582A028D9C72000975701 /* Build configuration list for PBXProject "SaasDemoApp" */ = {
			isa = XCConfigurationList;
			buildConfigurations = (
				1F5582B728D9C72100975701 /* Debug */,
				1F5582B828D9C72100975701 /* Release */,
			);
			defaultConfigurationIsVisible = 0;
			defaultConfigurationName = Release;
		};
		1F5582B928D9C72100975701 /* Build configuration list for PBXNativeTarget "SaasDemoApp" */ = {
			isa = XCConfigurationList;
			buildConfigurations = (
				1F5582BA28D9C72100975701 /* Debug */,
				1F5582BB28D9C72100975701 /* Release */,
			);
			defaultConfigurationIsVisible = 0;
			defaultConfigurationName = Release;
		};
/* End XCConfigurationList section */
	};
	rootObject = 1F55829D28D9C72000975701 /* Project object */;
}
